
Microsoft Visual Studio Solution File, Format Version 12.00
# Visual Studio Version 16
VisualStudioVersion = 16.0.30128.74
MinimumVisualStudioVersion = 10.0.40219.1
Project("{FAE04EC0-301F-11D3-BF4B-00C04F79EFBC}") = "GoodDay", "GoodDay\GoodDay.csproj", "{EFD5A6FD-8B3E-4C83-94A1-2905524850E4}"
EndProject
Project("{FAE04EC0-301F-11D3-BF4B-00C04F79EFBC}") = "LettersCount", "LettersCount\LettersCount.csproj", "{D43652AC-CBD1-4328-B5A2-CB0843199714}"
EndProject
Global
	GlobalSection(SolutionConfigurationPlatforms) = preSolution
		Debug|Any CPU = Debug|Any CPU
		Release|Any CPU = Release|Any CPU
	EndGlobalSection
	GlobalSection(ProjectConfigurationPlatforms) = postSolution
		{EFD5A6FD-8B3E-4C83-94A1-2905524850E4}.Debug|Any CPU.ActiveCfg = Debug|Any CPU
		{EFD5A6FD-8B3E-4C83-94A1-2905524850E4}.Debug|Any CPU.Build.0 = Debug|Any CPU
		{EFD5A6FD-8B3E-4C83-94A1-2905524850E4}.Release|Any CPU.ActiveCfg = Release|Any CPU
		{EFD5A6FD-8B3E-4C83-94A1-2905524850E4}.Release|Any CPU.Build.0 = Release|Any CPU
		{D43652AC-CBD1-4328-B5A2-CB0843199714}.Debug|Any CPU.ActiveCfg = Debug|Any CPU
		{D43652AC-CBD1-4328-B5A2-CB0843199714}.Debug|Any CPU.Build.0 = Debug|Any CPU
		{D43652AC-CBD1-4328-B5A2-CB0843199714}.Release|Any CPU.ActiveCfg = Release|Any CPU
		{D43652AC-CBD1-4328-B5A2-CB0843199714}.Release|Any CPU.Build.0 = Release|Any CPU
	EndGlobalSection
	GlobalSection(SolutionProperties) = preSolution
		HideSolutionNode = FALSE
	EndGlobalSection
	GlobalSection(ExtensibilityGlobals) = postSolution
		SolutionGuid = {BA0C554E-38CC-4913-97F6-5180E5041318}
	EndGlobalSection
EndGlobal
