
Microsoft Visual Studio Solution File, Format Version 12.00
# Visual Studio Version 16
VisualStudioVersion = 16.0.30225.117
MinimumVisualStudioVersion = 10.0.40219.1
Project("{FAE04EC0-301F-11D3-BF4B-00C04F79EFBC}") = "Identifier", "Identifier\Identifier.csproj", "{BF5BA0E7-48FF-4DBC-837F-2356668071F4}"
EndProject
Global
	GlobalSection(SolutionConfigurationPlatforms) = preSolution
		Debug|Any CPU = Debug|Any CPU
		Release|Any CPU = Release|Any CPU
	EndGlobalSection
	GlobalSection(ProjectConfigurationPlatforms) = postSolution
		{BF5BA0E7-48FF-4DBC-837F-2356668071F4}.Debug|Any CPU.ActiveCfg = Debug|Any CPU
		{BF5BA0E7-48FF-4DBC-837F-2356668071F4}.Debug|Any CPU.Build.0 = Debug|Any CPU
		{BF5BA0E7-48FF-4DBC-837F-2356668071F4}.Release|Any CPU.ActiveCfg = Release|Any CPU
		{BF5BA0E7-48FF-4DBC-837F-2356668071F4}.Release|Any CPU.Build.0 = Release|Any CPU
	EndGlobalSection
	GlobalSection(SolutionProperties) = preSolution
		HideSolutionNode = FALSE
	EndGlobalSection
	GlobalSection(ExtensibilityGlobals) = postSolution
		SolutionGuid = {8B39F3AE-87A2-4C89-83A9-5CFA1BA2DC74}
	EndGlobalSection
EndGlobal
